
Microsoft Visual Studio Solution File, Format Version 12.00
# Visual Studio Version 17
VisualStudioVersion = 17.2.32505.173
MinimumVisualStudioVersion = 10.0.40219.1
Project("{9A19103F-16F7-4668-BE54-9A1E7A4F7556}") = "UiDoctorApp", "UiDoctorApp\UiDoctorApp.csproj", "{A9EBFD8E-E6C9-4380-9F0F-E40DD4F474C7}"
EndProject
Project("{9A19103F-16F7-4668-BE54-9A1E7A4F7556}") = "Tests", "Tests\Tests.csproj", "{1FAC01B4-078E-44E2-829C-DD7BB17C9F5C}"
EndProject
Project("{9A19103F-16F7-4668-BE54-9A1E7A4F7556}") = "Utilities", "Utilities\Utilities.csproj", "{D35EF0DB-4C32-47F0-9EAF-706139432C6B}"
EndProject
Project("{9A19103F-16F7-4668-BE54-9A1E7A4F7556}") = "AppModels", "AppModels\AppModels.csproj", "{FA64FF2D-AA6C-4196-A5A4-B57CBEC7F11B}"
EndProject
Project("{9A19103F-16F7-4668-BE54-9A1E7A4F7556}") = "AppController", "AppController\AppController.csproj", "{60CEF55B-646C-481D-A86C-B60BBAC654F9}"
EndProject
Global
	GlobalSection(SolutionConfigurationPlatforms) = preSolution
		Debug|Any CPU = Debug|Any CPU
		Release|Any CPU = Release|Any CPU
	EndGlobalSection
	GlobalSection(ProjectConfigurationPlatforms) = postSolution
		{A9EBFD8E-E6C9-4380-9F0F-E40DD4F474C7}.Debug|Any CPU.ActiveCfg = Debug|Any CPU
		{A9EBFD8E-E6C9-4380-9F0F-E40DD4F474C7}.Debug|Any CPU.Build.0 = Debug|Any CPU
		{A9EBFD8E-E6C9-4380-9F0F-E40DD4F474C7}.Release|Any CPU.ActiveCfg = Release|Any CPU
		{A9EBFD8E-E6C9-4380-9F0F-E40DD4F474C7}.Release|Any CPU.Build.0 = Release|Any CPU
		{1FAC01B4-078E-44E2-829C-DD7BB17C9F5C}.Debug|Any CPU.ActiveCfg = Debug|Any CPU
		{1FAC01B4-078E-44E2-829C-DD7BB17C9F5C}.Debug|Any CPU.Build.0 = Debug|Any CPU
		{1FAC01B4-078E-44E2-829C-DD7BB17C9F5C}.Release|Any CPU.ActiveCfg = Release|Any CPU
		{1FAC01B4-078E-44E2-829C-DD7BB17C9F5C}.Release|Any CPU.Build.0 = Release|Any CPU
		{D35EF0DB-4C32-47F0-9EAF-706139432C6B}.Debug|Any CPU.ActiveCfg = Debug|Any CPU
		{D35EF0DB-4C32-47F0-9EAF-706139432C6B}.Debug|Any CPU.Build.0 = Debug|Any CPU
		{D35EF0DB-4C32-47F0-9EAF-706139432C6B}.Release|Any CPU.ActiveCfg = Release|Any CPU
		{D35EF0DB-4C32-47F0-9EAF-706139432C6B}.Release|Any CPU.Build.0 = Release|Any CPU
		{FA64FF2D-AA6C-4196-A5A4-B57CBEC7F11B}.Debug|Any CPU.ActiveCfg = Debug|Any CPU
		{FA64FF2D-AA6C-4196-A5A4-B57CBEC7F11B}.Debug|Any CPU.Build.0 = Debug|Any CPU
		{FA64FF2D-AA6C-4196-A5A4-B57CBEC7F11B}.Release|Any CPU.ActiveCfg = Release|Any CPU
		{FA64FF2D-AA6C-4196-A5A4-B57CBEC7F11B}.Release|Any CPU.Build.0 = Release|Any CPU
		{60CEF55B-646C-481D-A86C-B60BBAC654F9}.Debug|Any CPU.ActiveCfg = Debug|Any CPU
		{60CEF55B-646C-481D-A86C-B60BBAC654F9}.Debug|Any CPU.Build.0 = Debug|Any CPU
		{60CEF55B-646C-481D-A86C-B60BBAC654F9}.Release|Any CPU.ActiveCfg = Release|Any CPU
		{60CEF55B-646C-481D-A86C-B60BBAC654F9}.Release|Any CPU.Build.0 = Release|Any CPU
	EndGlobalSection
	GlobalSection(SolutionProperties) = preSolution
		HideSolutionNode = FALSE
	EndGlobalSection
	GlobalSection(ExtensibilityGlobals) = postSolution
		SolutionGuid = {79CBD533-F329-47E6-8FB5-C3BC1F7B294C}
	EndGlobalSection
EndGlobal
